
Microsoft Visual Studio Solution File, Format Version 12.00
# Visual Studio Version 16
VisualStudioVersion = 16.0.31205.134
MinimumVisualStudioVersion = 10.0.40219.1
Project("{FAE04EC0-301F-11D3-BF4B-00C04F79EFBC}") = "CBShowimg", "CBShowimg\CBShowimg.csproj", "{8ABB44B6-87D2-4FA9-B80D-94D9408C9A45}"
EndProject
Global
	GlobalSection(SolutionConfigurationPlatforms) = preSolution
		Debug|Any CPU = Debug|Any CPU
		Release|Any CPU = Release|Any CPU
	EndGlobalSection
	GlobalSection(ProjectConfigurationPlatforms) = postSolution
		{8ABB44B6-87D2-4FA9-B80D-94D9408C9A45}.Debug|Any CPU.ActiveCfg = Debug|Any CPU
		{8ABB44B6-87D2-4FA9-B80D-94D9408C9A45}.Debug|Any CPU.Build.0 = Debug|Any CPU
		{8ABB44B6-87D2-4FA9-B80D-94D9408C9A45}.Release|Any CPU.ActiveCfg = Release|Any CPU
		{8ABB44B6-87D2-4FA9-B80D-94D9408C9A45}.Release|Any CPU.Build.0 = Release|Any CPU
	EndGlobalSection
	GlobalSection(SolutionProperties) = preSolution
		HideSolutionNode = FALSE
	EndGlobalSection
	GlobalSection(ExtensibilityGlobals) = postSolution
		SolutionGuid = {8F30FE93-9B44-4141-ACB5-C05110021F7C}
	EndGlobalSection
EndGlobal
